# Temporal closure certification lock
baseline_repository=openai/NavierStokesAndEuler
baseline_commit=f9e8bc5b38b6e212696e8a30e3e91517af887bbd
lean_toolchain=leanprover/lean4:v4.34.0-rc2
proof_file=certification/PandoraTemporalFlat.lean
proof_sha256=2f95f5c391cc0c062d92ae681afea195e44b1698ef09f003b2fed62f900b965b
target_module=NavierStokes.PandoraTemporalFlat
theorem_1=NavierStokes.VariableGaugeMean.temporalIncrementState_difference_classes
theorem_2=NavierStokes.VariableGaugeMean.temporalIncrementState_flat_classes
original_certification_exit_code=0
public_ci_status=PASS
public_ci_exit_code=0
